Microsoft Visual Studio Solution File, Format Version 11.00
# Visual Studio 2008

Project("{27D3989E-0A9D-3F39-668E-372D4407E22E}") = "notcubequest", "Assembly-CSharp-firstpass-vs.csproj", "{77C83AF4-430F-EE3C-587E-3003543E0F64}"
EndProject
Project("{27D3989E-0A9D-3F39-668E-372D4407E22E}") = "notcubequest", "Assembly-CSharp-vs.csproj", "{5103E416-4640-057D-EF17-F9232BC09C5D}"
EndProject
Global
	GlobalSection(SolutionConfigurationPlatforms) = preSolution
		Debug|Any CPU = Debug|Any CPU
		Release|Any CPU = Release|Any CPU
	EndGlobalSection
	GlobalSection(ProjectConfigurationPlatforms) = postSolution
		{77C83AF4-430F-EE3C-587E-3003543E0F64}.Debug|Any CPU.ActiveCfg = Debug|Any CPU
		{77C83AF4-430F-EE3C-587E-3003543E0F64}.Debug|Any CPU.Build.0 = Debug|Any CPU
		{77C83AF4-430F-EE3C-587E-3003543E0F64}.Release|Any CPU.ActiveCfg = Release|Any CPU
		{77C83AF4-430F-EE3C-587E-3003543E0F64}.Release|Any CPU.Build.0 = Release|Any CPU
		{5103E416-4640-057D-EF17-F9232BC09C5D}.Debug|Any CPU.ActiveCfg = Debug|Any CPU
		{5103E416-4640-057D-EF17-F9232BC09C5D}.Debug|Any CPU.Build.0 = Debug|Any CPU
		{5103E416-4640-057D-EF17-F9232BC09C5D}.Release|Any CPU.ActiveCfg = Release|Any CPU
		{5103E416-4640-057D-EF17-F9232BC09C5D}.Release|Any CPU.Build.0 = Release|Any CPU
	EndGlobalSection
	GlobalSection(SolutionProperties) = preSolution
		HideSolutionNode = FALSE
	EndGlobalSection
						GlobalSection(MonoDevelopProperties) = preSolution
		StartupItem = Assembly-CSharp.csproj
		Policies = $0
		$0.TextStylePolicy = $1
		$1.inheritsSet = null
		$1.scope = text/x-csharp
		$0.CSharpFormattingPolicy = $2
		$2.inheritsSet = Mono
		$2.inheritsScope = text/x-csharp
		$2.scope = text/x-csharp
		$0.TextStylePolicy = $3
		$3.FileWidth = 120
		$3.TabWidth = 4
		$3.EolMarker = Unix
		$3.inheritsSet = Mono
		$3.inheritsScope = text/plain
		$3.scope = text/plain
	EndGlobalSection

EndGlobal
